
Microsoft Visual Studio Solution File, Format Version 12.00
# Visual Studio 2012
Project("{FAE04EC0-301F-11D3-BF4B-00C04F79EFBC}") = "JackScottAU.BrainFuck.Library", "JackScottAU.BrainFuck.Library\JackScottAU.BrainFuck.Library.csproj", "{3D12135E-05FC-46FA-9F91-F2134FBFDDAE}"
EndProject
Project("{2150E333-8FDC-42A3-9474-1A3956D46DE8}") = "Solution Items", "Solution Items", "{A0728B9F-8A23-4AD2-A4E6-E710CA609AB8}"
	ProjectSection(SolutionItems) = preProject
		Readme.md = Readme.md
	EndProjectSection
EndProject
Project("{FAE04EC0-301F-11D3-BF4B-00C04F79EFBC}") = "JackScottAU.BrainFuck.Library.Tests", "JackScottAU.BrainFuck.Library.Tests\JackScottAU.BrainFuck.Library.Tests.csproj", "{842919FB-3DC3-4CB8-AA3B-317516D42077}"
EndProject
Project("{FAE04EC0-301F-11D3-BF4B-00C04F79EFBC}") = "JackScottAU.BrainFuck.App", "JackScottAU.BrainFuck.App\JackScottAU.BrainFuck.App.csproj", "{B7AA8670-AE53-41C1-A5E3-BAD510C693C8}"
EndProject
Global
	GlobalSection(SolutionConfigurationPlatforms) = preSolution
		Debug|Any CPU = Debug|Any CPU
		Release|Any CPU = Release|Any CPU
	EndGlobalSection
	GlobalSection(ProjectConfigurationPlatforms) = postSolution
		{3D12135E-05FC-46FA-9F91-F2134FBFDDAE}.Debug|Any CPU.ActiveCfg = Debug|Any CPU
		{3D12135E-05FC-46FA-9F91-F2134FBFDDAE}.Debug|Any CPU.Build.0 = Debug|Any CPU
		{3D12135E-05FC-46FA-9F91-F2134FBFDDAE}.Release|Any CPU.ActiveCfg = Release|Any CPU
		{3D12135E-05FC-46FA-9F91-F2134FBFDDAE}.Release|Any CPU.Build.0 = Release|Any CPU
		{842919FB-3DC3-4CB8-AA3B-317516D42077}.Debug|Any CPU.ActiveCfg = Debug|Any CPU
		{842919FB-3DC3-4CB8-AA3B-317516D42077}.Debug|Any CPU.Build.0 = Debug|Any CPU
		{842919FB-3DC3-4CB8-AA3B-317516D42077}.Release|Any CPU.ActiveCfg = Release|Any CPU
		{842919FB-3DC3-4CB8-AA3B-317516D42077}.Release|Any CPU.Build.0 = Release|Any CPU
		{B7AA8670-AE53-41C1-A5E3-BAD510C693C8}.Debug|Any CPU.ActiveCfg = Debug|Any CPU
		{B7AA8670-AE53-41C1-A5E3-BAD510C693C8}.Debug|Any CPU.Build.0 = Debug|Any CPU
		{B7AA8670-AE53-41C1-A5E3-BAD510C693C8}.Release|Any CPU.ActiveCfg = Release|Any CPU
		{B7AA8670-AE53-41C1-A5E3-BAD510C693C8}.Release|Any CPU.Build.0 = Release|Any CPU
	EndGlobalSection
	GlobalSection(SolutionProperties) = preSolution
		HideSolutionNode = FALSE
	EndGlobalSection
EndGlobal
